// !$*UTF8*$!
{
	archiveVersion = 1;
	classes = {
	};
	objectVersion = 48;
	objects = {

/* Begin PBXBuildFile section */
		16CC281120AAA50300D9B687 /* AppDelegate.swift in Sources */ = {isa = PBXBuildFile; fileRef = 16CC281020AAA50300D9B687 /* AppDelegate.swift */; };
		16CC281620AAA50300D9B687 /* Main.storyboard in Resources */ = {isa = PBXBuildFile; fileRef = 16CC281420AAA50300D9B687 /* Main.storyboard */; };
		16CC281820AAA50300D9B687 /* Assets.xcassets in Resources */ = {isa = PBXBuildFile; fileRef = 16CC281720AAA50300D9B687 /* Assets.xcassets */; };
		16CC281B20AAA50300D9B687 /* LaunchScreen.storyboard in Resources */ = {isa = PBXBuildFile; fileRef = 16CC281920AAA50300D9B687 /* LaunchScreen.storyboard */; };
		16CC282320AAADDE00D9B687 /* PredictionsTableViewController.swift in Sources */ = {isa = PBXBuildFile; fileRef = 16CC282220AAADDE00D9B687 /* PredictionsTableViewController.swift */; };
		16CC282720AAAF2100D9B687 /* Networking.swift in Sources */ = {isa = PBXBuildFile; fileRef = 16CC282620AAAF2100D9B687 /* Networking.swift */; };
		16CC282920AAC24200D9B687 /* PredictionsList.swift in Sources */ = {isa = PBXBuildFile; fileRef = 16CC282820AAC24200D9B687 /* PredictionsList.swift */; };
		16F0EE9020B46DF0005D765D /* RouteList.swift in Sources */ = {isa = PBXBuildFile; fileRef = 16F0EE8F20B46DF0005D765D /* RouteList.swift */; };
		16F0EE9220B4707B005D765D /* RoutesTableViewController.swift in Sources */ = {isa = PBXBuildFile; fileRef = 16F0EE9120B4707B005D765D /* RoutesTableViewController.swift */; };
/* End PBXBuildFile section */

/* Begin PBXFileReference section */
		16CC280D20AAA50300D9B687 /* MuniPredictions.app */ = {isa = PBXFileReference; explicitFileType = wrapper.application; includeInIndex = 0; path = MuniPredictions.app; sourceTree = BUILT_PRODUCTS_DIR; };
		16CC281020AAA50300D9B687 /* AppDelegate.swift */ = {isa = PBXFileReference; lastKnownFileType = sourcecode.swift; path = AppDelegate.swift; sourceTree = "<group>"; };
		16CC281520AAA50300D9B687 /* Base */ = {isa = PBXFileReference; lastKnownFileType = file.storyboard; name = Base; path = Base.lproj/Main.storyboard; sourceTree = "<group>"; };
		16CC281720AAA50300D9B687 /* Assets.xcassets */ = {isa = PBXFileReference; lastKnownFileType = folder.assetcatalog; path = Assets.xcassets; sourceTree = "<group>"; };
		16CC281A20AAA50300D9B687 /* Base */ = {isa = PBXFileReference; lastKnownFileType = file.storyboard; name = Base; path = Base.lproj/LaunchScreen.storyboard; sourceTree = "<group>"; };
		16CC281C20AAA50300D9B687 /* Info.plist */ = {isa = PBXFileReference; lastKnownFileType = text.plist.xml; path = Info.plist; sourceTree = "<group>"; };
		16CC282220AAADDE00D9B687 /* PredictionsTableViewController.swift */ = {isa = PBXFileReference; lastKnownFileType = sourcecode.swift; path = PredictionsTableViewController.swift; sourceTree = "<group>"; };
		16CC282620AAAF2100D9B687 /* Networking.swift */ = {isa = PBXFileReference; lastKnownFileType = sourcecode.swift; path = Networking.swift; sourceTree = "<group>"; };
		16CC282820AAC24200D9B687 /* PredictionsList.swift */ = {isa = PBXFileReference; lastKnownFileType = sourcecode.swift; path = PredictionsList.swift; sourceTree = "<group>"; };
		16F0EE8F20B46DF0005D765D /* RouteList.swift */ = {isa = PBXFileReference; lastKnownFileType = sourcecode.swift; path = RouteList.swift; sourceTree = "<group>"; };
		16F0EE9120B4707B005D765D /* RoutesTableViewController.swift */ = {isa = PBXFileReference; lastKnownFileType = sourcecode.swift; path = RoutesTableViewController.swift; sourceTree = "<group>"; };
/* End PBXFileReference section */

/* Begin PBXFrameworksBuildPhase section */
		16CC280A20AAA50300D9B687 /* Frameworks */ = {
			isa = PBXFrameworksBuildPhase;
			buildActionMask = 2147483647;
			files = (
			);
			runOnlyForDeploymentPostprocessing = 0;
		};
/* End PBXFrameworksBuildPhase section */

/* Begin PBXGroup section */
		16CC280420AAA50300D9B687 = {
			isa = PBXGroup;
			children = (
				16CC280F20AAA50300D9B687 /* MuniPredictions */,
				16CC280E20AAA50300D9B687 /* Products */,
			);
			sourceTree = "<group>";
		};
		16CC280E20AAA50300D9B687 /* Products */ = {
			isa = PBXGroup;
			children = (
				16CC280D20AAA50300D9B687 /* MuniPredictions.app */,
			);
			name = Products;
			sourceTree = "<group>";
		};
		16CC280F20AAA50300D9B687 /* MuniPredictions */ = {
			isa = PBXGroup;
			children = (
				16CC281020AAA50300D9B687 /* AppDelegate.swift */,
				16CC281420AAA50300D9B687 /* Main.storyboard */,
				16CC282620AAAF2100D9B687 /* Networking.swift */,
				16CC282820AAC24200D9B687 /* PredictionsList.swift */,
				16F0EE8F20B46DF0005D765D /* RouteList.swift */,
				16CC282220AAADDE00D9B687 /* PredictionsTableViewController.swift */,
				16F0EE9120B4707B005D765D /* RoutesTableViewController.swift */,
				16CC281720AAA50300D9B687 /* Assets.xcassets */,
				16CC281920AAA50300D9B687 /* LaunchScreen.storyboard */,
				16CC281C20AAA50300D9B687 /* Info.plist */,
			);
			path = MuniPredictions;
			sourceTree = "<group>";
		};
/* End PBXGroup section */

/* Begin PBXNativeTarget section */
		16CC280C20AAA50300D9B687 /* MuniPredictions */ = {
			isa = PBXNativeTarget;
			buildConfigurationList = 16CC281F20AAA50300D9B687 /* Build configuration list for PBXNativeTarget "MuniPredictions" */;
			buildPhases = (
				16CC280920AAA50300D9B687 /* Sources */,
				16CC280A20AAA50300D9B687 /* Frameworks */,
				16CC280B20AAA50300D9B687 /* Resources */,
			);
			buildRules = (
			);
			dependencies = (
			);
			name = MuniPredictions;
			productName = MuniPredictions;
			productReference = 16CC280D20AAA50300D9B687 /* MuniPredictions.app */;
			productType = "com.apple.product-type.application";
		};
/* End PBXNativeTarget section */

/* Begin PBXProject section */
		16CC280520AAA50300D9B687 /* Project object */ = {
			isa = PBXProject;
			attributes = {
				LastSwiftUpdateCheck = 0920;
				LastUpgradeCheck = 0920;
				ORGANIZATIONNAME = "Maribel Montejano";
				TargetAttributes = {
					16CC280C20AAA50300D9B687 = {
						CreatedOnToolsVersion = 9.2;
						ProvisioningStyle = Automatic;
					};
				};
			};
			buildConfigurationList = 16CC280820AAA50300D9B687 /* Build configuration list for PBXProject "MuniPredictions" */;
			compatibilityVersion = "Xcode 8.0";
			developmentRegion = en;
			hasScannedForEncodings = 0;
			knownRegions = (
				en,
				Base,
			);
			mainGroup = 16CC280420AAA50300D9B687;
			productRefGroup = 16CC280E20AAA50300D9B687 /* Products */;
			projectDirPath = "";
			projectRoot = "";
			targets = (
				16CC280C20AAA50300D9B687 /* MuniPredictions */,
			);
		};
/* End PBXProject section */

/* Begin PBXResourcesBuildPhase section */
		16CC280B20AAA50300D9B687 /* Resources */ = {
			isa = PBXResourcesBuildPhase;
			buildActionMask = 2147483647;
			files = (
				16CC281B20AAA50300D9B687 /* LaunchScreen.storyboard in Resources */,
				16CC281820AAA50300D9B687 /* Assets.xcassets in Resources */,
				16CC281620AAA50300D9B687 /* Main.storyboard in Resources */,
			);
			runOnlyForDeploymentPostprocessing = 0;
		};
/* End PBXResourcesBuildPhase section */

/* Begin PBXSourcesBuildPhase section */
		16CC280920AAA50300D9B687 /* Sources */ = {
			isa = PBXSourcesBuildPhase;
			buildActionMask = 2147483647;
			files = (
				16CC282920AAC24200D9B687 /* PredictionsList.swift in Sources */,
				16F0EE9020B46DF0005D765D /* RouteList.swift in Sources */,
				16CC282320AAADDE00D9B687 /* PredictionsTableViewController.swift in Sources */,
				16F0EE9220B4707B005D765D /* RoutesTableViewController.swift in Sources */,
				16CC281120AAA50300D9B687 /* AppDelegate.swift in Sources */,
				16CC282720AAAF2100D9B687 /* Networking.swift in Sources */,
			);
			runOnlyForDeploymentPostprocessing = 0;
		};
/* End PBXSourcesBuildPhase section */

/* Begin PBXVariantGroup section */
		16CC281420AAA50300D9B687 /* Main.storyboard */ = {
			isa = PBXVariantGroup;
			children = (
				16CC281520AAA50300D9B687 /* Base */,
			);
			name = Main.storyboard;
			sourceTree = "<group>";
		};
		16CC281920AAA50300D9B687 /* LaunchScreen.storyboard */ = {
			isa = PBXVariantGroup;
			children = (
				16CC281A20AAA50300D9B687 /* Base */,
			);
			name = LaunchScreen.storyboard;
			sourceTree = "<group>";
		};
/* End PBXVariantGroup section */

/* Begin XCBuildConfiguration section */
		16CC281D20AAA50300D9B687 /* Debug */ = {
			isa = XCBuildConfiguration;
			buildSettings = {
				ALWAYS_SEARCH_USER_PATHS = NO;
				CLANG_ANALYZER_NONNULL = YES;
				CLANG_ANALYZER_NUMBER_OBJECT_CONVERSION = YES_AGGRESSIVE;
				CLANG_CXX_LANGUAGE_STANDARD = "gnu++14";
				CLANG_CXX_LIBRARY = "libc++";
				CLANG_ENABLE_MODULES = YES;
				CLANG_ENABLE_OBJC_ARC = YES;
				CLANG_WARN_BLOCK_CAPTURE_AUTORELEASING = YES;
				CLANG_WARN_BOOL_CONVERSION = YES;
				CLANG_WARN_COMMA = YES;
				CLANG_WARN_CONSTANT_CONVERSION = YES;
				CLANG_WARN_DIRECT_OBJC_ISA_USAGE = YES_ERROR;
				CLANG_WARN_DOCUMENTATION_COMMENTS = YES;
				CLANG_WARN_EMPTY_BODY = YES;
				CLANG_WARN_ENUM_CONVERSION = YES;
				CLANG_WARN_INFINITE_RECURSION = YES;
				CLANG_WARN_INT_CONVERSION = YES;
				CLANG_WARN_NON_LITERAL_NULL_CONVERSION = YES;
				CLANG_WARN_OBJC_LITERAL_CONVERSION = YES;
				CLANG_WARN_OBJC_ROOT_CLASS = YES_ERROR;
				CLANG_WARN_RANGE_LOOP_ANALYSIS = YES;
				CLANG_WARN_STRICT_PROTOTYPES = YES;
				CLANG_WARN_SUSPICIOUS_MOVE = YES;
				CLANG_WARN_UNGUARDED_AVAILABILITY = YES_AGGRESSIVE;
				CLANG_WARN_UNREACHABLE_CODE = YES;
				CLANG_WARN__DUPLICATE_METHOD_MATCH = YES;
				CODE_SIGN_IDENTITY = "iPhone Developer";
				COPY_PHASE_STRIP = NO;
				DEBUG_INFORMATION_FORMAT = dwarf;
				ENABLE_STRICT_OBJC_MSGSEND = YES;
				ENABLE_TESTABILITY = YES;
				GCC_C_LANGUAGE_STANDARD = gnu11;
				GCC_DYNAMIC_NO_PIC = NO;
				GCC_NO_COMMON_BLOCKS = YES;
				GCC_OPTIMIZATION_LEVEL = 0;
				GCC_PREPROCESSOR_DEFINITIONS = (
					"DEBUG=1",
					"$(inherited)",
				);
				GCC_WARN_64_TO_32_BIT_CONVERSION = YES;
				GCC_WARN_ABOUT_RETURN_TYPE = YES_ERROR;
				GCC_WARN_UNDECLARED_SELECTOR = YES;
				GCC_WARN_UNINITIALIZED_AUTOS = YES_AGGRESSIVE;
				GCC_WARN_UNUSED_FUNCTION = YES;
				GCC_WARN_UNUSED_VARIABLE = YES;
				IPHONEOS_DEPLOYMENT_TARGET = 11.2;
				MTL_ENABLE_DEBUG_INFO = YES;
				ONLY_ACTIVE_ARCH = YES;
				SDKROOT = iphoneos;
				SWIFT_ACTIVE_COMPILATION_CONDITIONS = DEBUG;
				SWIFT_OPTIMIZATION_LEVEL = "-Onone";
			};
			name = Debug;
		};
		16CC281E20AAA50300D9B687 /* Release */ = {
			isa = XCBuildConfiguration;
			buildSettings = {
				ALWAYS_SEARCH_USER_PATHS = NO;
				CLANG_ANALYZER_NONNULL = YES;
				CLANG_ANALYZER_NUMBER_OBJECT_CONVERSION = YES_AGGRESSIVE;
				CLANG_CXX_LANGUAGE_STANDARD = "gnu++14";
				CLANG_CXX_LIBRARY = "libc++";
				CLANG_ENABLE_MODULES = YES;
				CLANG_ENABLE_OBJC_ARC = YES;
				CLANG_WARN_BLOCK_CAPTURE_AUTORELEASING = YES;
				CLANG_WARN_BOOL_CONVERSION = YES;
				CLANG_WARN_COMMA = YES;
				CLANG_WARN_CONSTANT_CONVERSION = YES;
				CLANG_WARN_DIRECT_OBJC_ISA_USAGE = YES_ERROR;
				CLANG_WARN_DOCUMENTATION_COMMENTS = YES;
				CLANG_WARN_EMPTY_BODY = YES;
				CLANG_WARN_ENUM_CONVERSION = YES;
				CLANG_WARN_INFINITE_RECURSION = YES;
				CLANG_WARN_INT_CONVERSION = YES;
				CLANG_WARN_NON_LITERAL_NULL_CONVERSION = YES;
				CLANG_WARN_OBJC_LITERAL_CONVERSION = YES;
				CLANG_WARN_OBJC_ROOT_CLASS = YES_ERROR;
				CLANG_WARN_RANGE_LOOP_ANALYSIS = YES;
				CLANG_WARN_STRICT_PROTOTYPES = YES;
				CLANG_WARN_SUSPICIOUS_MOVE = YES;
				CLANG_WARN_UNGUARDED_AVAILABILITY = YES_AGGRESSIVE;
				CLANG_WARN_UNREACHABLE_CODE = YES;
				CLANG_WARN__DUPLICATE_METHOD_MATCH = YES;
				CODE_SIGN_IDENTITY = "iPhone Developer";
				COPY_PHASE_STRIP = NO;
				DEBUG_INFORMATION_FORMAT = "dwarf-with-dsym";
				ENABLE_NS_ASSERTIONS = NO;
				ENABLE_STRICT_OBJC_MSGSEND = YES;
				GCC_C_LANGUAGE_STANDARD = gnu11;
				GCC_NO_COMMON_BLOCKS = YES;
				GCC_WARN_64_TO_32_BIT_CONVERSION = YES;
				GCC_WARN_ABOUT_RETURN_TYPE = YES_ERROR;
				GCC_WARN_UNDECLARED_SELECTOR = YES;
				GCC_WARN_UNINITIALIZED_AUTOS = YES_AGGRESSIVE;
				GCC_WARN_UNUSED_FUNCTION = YES;
				GCC_WARN_UNUSED_VARIABLE = YES;
				IPHONEOS_DEPLOYMENT_TARGET = 11.2;
				MTL_ENABLE_DEBUG_INFO = NO;
				SDKROOT = iphoneos;
				SWIFT_OPTIMIZATION_LEVEL = "-Owholemodule";
				VALIDATE_PRODUCT = YES;
			};
			name = Release;
		};
		16CC282020AAA50300D9B687 /* Debug */ = {
			isa = XCBuildConfiguration;
			buildSettings = {
				ASSETCATALOG_COMPILER_APPICON_NAME = AppIcon;
				CODE_SIGN_STYLE = Automatic;
				DEVELOPMENT_TEAM = UGH37EQ5FB;
				INFOPLIST_FILE = MuniPredictions/Info.plist;
				LD_RUNPATH_SEARCH_PATHS = "$(inherited) @executable_path/Frameworks";
				PRODUCT_BUNDLE_IDENTIFIER = com.maribelmontejano.MuniPredictions;
				PRODUCT_NAME = "$(TARGET_NAME)";
				SWIFT_VERSION = 4.0;
				TARGETED_DEVICE_FAMILY = "1,2";
			};
			name = Debug;
		};
		16CC282120AAA50300D9B687 /* Release */ = {
			isa = XCBuildConfiguration;
			buildSettings = {
				ASSETCATALOG_COMPILER_APPICON_NAME = AppIcon;
				CODE_SIGN_STYLE = Automatic;
				DEVELOPMENT_TEAM = UGH37EQ5FB;
				INFOPLIST_FILE = MuniPredictions/Info.plist;
				LD_RUNPATH_SEARCH_PATHS = "$(inherited) @executable_path/Frameworks";
				PRODUCT_BUNDLE_IDENTIFIER = com.maribelmontejano.MuniPredictions;
				PRODUCT_NAME = "$(TARGET_NAME)";
				SWIFT_VERSION = 4.0;
				TARGETED_DEVICE_FAMILY = "1,2";
			};
			name = Release;
		};
/* End XCBuildConfiguration section */

/* Begin XCConfigurationList section */
		16CC280820AAA50300D9B687 /* Build configuration list for PBXProject "MuniPredictions" */ = {
			isa = XCConfigurationList;
			buildConfigurations = (
				16CC281D20AAA50300D9B687 /* Debug */,
				16CC281E20AAA50300D9B687 /* Release */,
			);
			defaultConfigurationIsVisible = 0;
			defaultConfigurationName = Release;
		};
		16CC281F20AAA50300D9B687 /* Build configuration list for PBXNativeTarget "MuniPredictions" */ = {
			isa = XCConfigurationList;
			buildConfigurations = (
				16CC282020AAA50300D9B687 /* Debug */,
				16CC282120AAA50300D9B687 /* Release */,
			);
			defaultConfigurationIsVisible = 0;
			defaultConfigurationName = Release;
		};
/* End XCConfigurationList section */
	};
	rootObject = 16CC280520AAA50300D9B687 /* Project object */;
}
